{
  "version": 4,
  "terraform_version": "1.10.5",
  "serial": 135,
  "lineage": "4c638353-da13-b6ac-290c-19feba0e5857",
  "outputs": {
    "hero_postgres_instance_connection_name": {
      "value": "qwiklabs-gcp-04-6db254dd6d5c:us-central1:hero-db-instance",
      "type": "string"
    },
    "hero_postgres_instance_ip": {
      "value": "34.132.64.204",
      "type": "string"
    }
  },
  "resources": [
    {
      "mode": "data",
      "type": "google_project",
      "name": "dev_project",
      "provider": "provider[\"registry.terraform.io/hashicorp/google\"]",
      "instances": [
        {
          "schema_version": 0,
          "attributes": {
            "auto_create_network": null,
            "billing_account": "012761-0D2F3D-499DCA",
            "deletion_policy": "PREVENT",
            "effective_labels": {
              "fleet": "medium_extra"
            },
            "folder_id": "16875299526",
            "id": "projects/qwiklabs-gcp-04-6db254dd6d5c",
            "labels": {
              "fleet": "medium_extra"
            },
            "name": "qwiklabs-gcp-04-6db254dd6d5c",
            "number": "947782432904",
            "org_id": "",
            "project_id": "qwiklabs-gcp-04-6db254dd6d5c",
            "tags": null,
            "terraform_labels": {
              "fleet": "medium_extra"
            }
          },
          "sensitive_attributes": []
        }
      ]
    },
    {
      "mode": "data",
      "type": "google_project",
      "name": "project",
      "provider": "provider[\"registry.terraform.io/hashicorp/google\"]",
      "instances": [
        {
          "schema_version": 0,
          "attributes": {
            "auto_create_network": null,
            "billing_account": "012761-0D2F3D-499DCA",
            "deletion_policy": "PREVENT",
            "effective_labels": {
              "fleet": "medium_extra"
            },
            "folder_id": "16875299526",
            "id": "projects/qwiklabs-gcp-04-6db254dd6d5c",
            "labels": {
              "fleet": "medium_extra"
            },
            "name": "qwiklabs-gcp-04-6db254dd6d5c",
            "number": "947782432904",
            "org_id": "",
            "project_id": "qwiklabs-gcp-04-6db254dd6d5c",
            "tags": null,
            "terraform_labels": {
              "fleet": "medium_extra"
            }
          },
          "sensitive_attributes": []
        }
      ]
    },
    {
      "mode": "managed",
      "type": "google_alloydb_cluster",
      "name": "session_db_cluster",
      "provider": "provider[\"registry.terraform.io/hashicorp/google\"]",
      "instances": [
        {
          "schema_version": 0,
          "attributes": {
            "annotations": {},
            "automated_backup_policy": [
              {
                "backup_window": "3600s",
                "enabled": false,
                "encryption_config": [],
                "labels": {},
                "location": "us-central1",
                "quantity_based_retention": [],
                "time_based_retention": [
                  {
                    "retention_period": "1209600s"
                  }
                ],
                "weekly_schedule": [
                  {
                    "days_of_week": [
                      "MONDAY",
                      "TUESDAY",
                      "WEDNESDAY",
                      "THURSDAY",
                      "FRIDAY",
                      "SATURDAY",
                      "SUNDAY"
                    ],
                    "start_times": [
                      {
                        "hours": 23,
                        "minutes": 0,
                        "nanos": 0,
                        "seconds": 0
                      }
                    ]
                  }
                ]
              }
            ],
            "backup_source": [],
            "cluster_id": "hero-alloydb-cluster",
            "cluster_type": "PRIMARY",
            "continuous_backup_config": [
              {
                "enabled": true,
                "encryption_config": [],
                "recovery_window_days": 14
              }
            ],
            "continuous_backup_info": [
              {
                "earliest_restorable_time": "",
                "enabled_time": "2025-09-16T13:30:52.480657282Z",
                "encryption_info": [
                  {
                    "encryption_type": "GOOGLE_DEFAULT_ENCRYPTION",
                    "kms_key_versions": []
                  }
                ],
                "schedule": [
                  "MONDAY",
                  "TUESDAY",
                  "WEDNESDAY",
                  "THURSDAY",
                  "FRIDAY",
                  "SATURDAY",
                  "SUNDAY"
                ]
              }
            ],
            "database_version": "POSTGRES_16",
            "deletion_policy": "FORCE",
            "display_name": "",
            "effective_annotations": {},
            "effective_labels": {
              "goog-terraform-provisioned": "true"
            },
            "encryption_config": [],
            "encryption_info": [
              {
                "encryption_type": "GOOGLE_DEFAULT_ENCRYPTION",
                "kms_key_versions": []
              }
            ],
            "etag": "",
            "id": "projects/qwiklabs-gcp-04-6db254dd6d5c/locations/us-central1/clusters/hero-alloydb-cluster",
            "initial_user": [],
            "labels": {},
            "location": "us-central1",
            "maintenance_update_policy": [],
            "migration_source": [],
            "name": "projects/qwiklabs-gcp-04-6db254dd6d5c/locations/us-central1/clusters/hero-alloydb-cluster",
            "network_config": [
              {
                "allocated_ip_range": "",
                "network": "projects/947782432904/global/networks/hero-alloydb-network"
              }
            ],
            "project": "qwiklabs-gcp-04-6db254dd6d5c",
            "psc_config": [],
            "reconciling": false,
            "restore_backup_source": [],
            "restore_continuous_backup_source": [],
            "secondary_config": [],
            "skip_await_major_version_upgrade": true,
            "state": "READY",
            "subscription_type": "STANDARD",
            "terraform_labels": {
              "goog-terraform-provisioned": "true"
            },
            "timeouts": null,
            "trial_metadata": [],
            "uid": "9698f83e-0985-4ea7-8e67-c7377c4dc23b"
          },
          "sensitive_attributes": [],
          "private": "eyJlMmJmYjczMC1lY2FhLTExZTYtOGY4OC0zNDM2M2JjN2M0YzAiOnsiY3JlYXRlIjo3MjAwMDAwMDAwMDAwLCJkZWxldGUiOjcyMDAwMDAwMDAwMDAsInVwZGF0ZSI6NzIwMDAwMDAwMDAwMH19",
          "dependencies": [
            "google_compute_global_address.private_ip_alloc",
            "google_compute_network.default",
            "google_project_service.services",
            "google_service_networking_connection.vpc_connection"
          ]
        }
      ]
    },
    {
      "mode": "managed",
      "type": "google_alloydb_instance",
      "name": "session_db_instance",
      "provider": "provider[\"registry.terraform.io/hashicorp/google\"]",
      "instances": [
        {
          "schema_version": 0,
          "attributes": {
            "activation_policy": "ALWAYS",
            "annotations": {},
            "availability_type": "REGIONAL",
            "client_connection_config": [
              {
                "require_connectors": false,
                "ssl_config": [
                  {
                    "ssl_mode": "ENCRYPTED_ONLY"
                  }
                ]
              }
            ],
            "cluster": "projects/qwiklabs-gcp-04-6db254dd6d5c/locations/us-central1/clusters/hero-alloydb-cluster",
            "create_time": "2025-09-16T13:31:05.748707291Z",
            "database_flags": {
              "password.enforce_complexity": "on"
            },
            "display_name": null,
            "effective_annotations": {},
            "effective_labels": {
              "goog-terraform-provisioned": "true"
            },
            "gce_zone": "",
            "id": "projects/qwiklabs-gcp-04-6db254dd6d5c/locations/us-central1/clusters/hero-alloydb-cluster/instances/hero-alloydb-instance",
            "instance_id": "hero-alloydb-instance",
            "instance_type": "PRIMARY",
            "ip_address": "10.164.0.2",
            "labels": {},
            "machine_config": [
              {
                "cpu_count": 2,
                "machine_type": "n2-highmem-2"
              }
            ],
            "name": "projects/qwiklabs-gcp-04-6db254dd6d5c/locations/us-central1/clusters/hero-alloydb-cluster/instances/hero-alloydb-instance",
            "network_config": [
              {
                "allocated_ip_range_override": "",
                "authorized_external_networks": [
                  {
                    "cidr_range": "104.135.212.60/32"
                  }
                ],
                "enable_outbound_public_ip": false,
                "enable_public_ip": true
              }
            ],
            "outbound_public_ip_addresses": [],
            "psc_instance_config": [],
            "public_ip_address": "34.45.68.56",
            "query_insights_config": [
              {
                "query_plans_per_minute": 5,
                "query_string_length": 1024,
                "record_application_tags": false,
                "record_client_address": false
              }
            ],
            "read_pool_config": [],
            "reconciling": false,
            "state": "READY",
            "terraform_labels": {
              "goog-terraform-provisioned": "true"
            },
            "timeouts": null,
            "uid": "2d108b84-55ce-424e-aa1b-756f4a08c70b",
            "update_time": "2025-09-17T10:42:13.830784658Z"
          },
          "sensitive_attributes": [],
          "private": "eyJlMmJmYjczMC1lY2FhLTExZTYtOGY4OC0zNDM2M2JjN2M0YzAiOnsiY3JlYXRlIjo3MjAwMDAwMDAwMDAwLCJkZWxldGUiOjcyMDAwMDAwMDAwMDAsInVwZGF0ZSI6NzIwMDAwMDAwMDAwMH19",
          "dependencies": [
            "google_alloydb_cluster.session_db_cluster",
            "google_compute_global_address.private_ip_alloc",
            "google_compute_network.default",
            "google_project_service.services",
            "google_service_networking_connection.vpc_connection"
          ]
        }
      ]
    },
    {
      "mode": "managed",
      "type": "google_alloydb_user",
      "name": "db_user",
      "provider": "provider[\"registry.terraform.io/hashicorp/google\"]",
      "instances": [
        {
          "schema_version": 0,
          "attributes": {
            "cluster": "projects/qwiklabs-gcp-04-6db254dd6d5c/locations/us-central1/clusters/hero-alloydb-cluster",
            "database_roles": [
              "alloydbsuperuser"
            ],
            "id": "projects/qwiklabs-gcp-04-6db254dd6d5c/locations/us-central1/clusters/hero-alloydb-cluster/users/postgres",
            "name": "projects/qwiklabs-gcp-04-6db254dd6d5c/locations/us-central1/clusters/hero-alloydb-cluster/users/postgres",
            "password": "SB#9wK)F6jfuYe_\u003e",
            "timeouts": null,
            "user_id": "postgres",
            "user_type": "ALLOYDB_BUILT_IN"
          },
          "sensitive_attributes": [
            [
              {
                "type": "get_attr",
                "value": "password"
              }
            ]
          ],
          "private": "eyJlMmJmYjczMC1lY2FhLTExZTYtOGY4OC0zNDM2M2JjN2M0YzAiOnsiY3JlYXRlIjoxMjAwMDAwMDAwMDAwLCJkZWxldGUiOjEyMDAwMDAwMDAwMDAsInVwZGF0ZSI6MTIwMDAwMDAwMDAwMH19",
          "dependencies": [
            "google_alloydb_cluster.session_db_cluster",
            "google_alloydb_instance.session_db_instance",
            "google_compute_global_address.private_ip_alloc",
            "google_compute_network.default",
            "google_project_service.services",
            "google_service_networking_connection.vpc_connection",
            "random_password.db_password"
          ]
        }
      ]
    },
    {
      "mode": "managed",
      "type": "google_bigquery_dataset",
      "name": "feedback_dataset",
      "provider": "provider[\"registry.terraform.io/hashicorp/google\"]",
      "instances": [
        {
          "schema_version": 0,
          "attributes": {
            "access": [
              {
                "condition": [],
                "dataset": [],
                "domain": "",
                "group_by_email": "",
                "iam_member": "",
                "role": "OWNER",
                "routine": [],
                "special_group": "",
                "user_by_email": "student-01-bd982d689a1b@qwiklabs.net",
                "view": []
              },
              {
                "condition": [],
                "dataset": [],
                "domain": "",
                "group_by_email": "",
                "iam_member": "",
                "role": "OWNER",
                "routine": [],
                "special_group": "projectOwners",
                "user_by_email": "",
                "view": []
              },
              {
                "condition": [],
                "dataset": [],
                "domain": "",
                "group_by_email": "",
                "iam_member": "",
                "role": "READER",
                "routine": [],
                "special_group": "projectReaders",
                "user_by_email": "",
                "view": []
              },
              {
                "condition": [],
                "dataset": [],
                "domain": "",
                "group_by_email": "",
                "iam_member": "",
                "role": "WRITER",
                "routine": [],
                "special_group": "projectWriters",
                "user_by_email": "",
                "view": []
              }
            ],
            "creation_time": 1758107383346,
            "dataset_id": "hero_feedback",
            "default_collation": "",
            "default_encryption_configuration": [],
            "default_partition_expiration_ms": 0,
            "default_table_expiration_ms": 0,
            "delete_contents_on_destroy": false,
            "description": "",
            "effective_labels": {
              "goog-terraform-provisioned": "true"
            },
            "etag": "EpF5Azs2k6aWJcImohKD2A==",
            "external_catalog_dataset_options": [],
            "external_dataset_reference": [],
            "friendly_name": "hero_feedback",
            "id": "projects/qwiklabs-gcp-04-6db254dd6d5c/datasets/hero_feedback",
            "is_case_insensitive": false,
            "labels": {},
            "last_modified_time": 1758107383346,
            "location": "us-central1",
            "max_time_travel_hours": "168",
            "project": "qwiklabs-gcp-04-6db254dd6d5c",
            "resource_tags": {},
            "self_link": "https://bigquery.googleapis.com/bigquery/v2/projects/qwiklabs-gcp-04-6db254dd6d5c/datasets/hero_feedback",
            "storage_billing_model": "",
            "terraform_labels": {
              "goog-terraform-provisioned": "true"
            },
            "timeouts": null
          },
          "sensitive_attributes": [],
          "private": "eyJlMmJmYjczMC1lY2FhLTExZTYtOGY4OC0zNDM2M2JjN2M0YzAiOnsiY3JlYXRlIjoxMjAwMDAwMDAwMDAwLCJkZWxldGUiOjEyMDAwMDAwMDAwMDAsInVwZGF0ZSI6MTIwMDAwMDAwMDAwMH19",
          "dependencies": [
            "google_project_service.services"
          ]
        }
      ]
    },
    {
      "mode": "managed",
      "type": "google_bigquery_dataset",
      "name": "telemetry_logs_dataset",
      "provider": "provider[\"registry.terraform.io/hashicorp/google\"]",
      "instances": [
        {
          "schema_version": 0,
          "attributes": {
            "access": [
              {
                "condition": [],
                "dataset": [],
                "domain": "",
                "group_by_email": "",
                "iam_member": "",
                "role": "OWNER",
                "routine": [],
                "special_group": "",
                "user_by_email": "student-01-bd982d689a1b@qwiklabs.net",
                "view": []
              },
              {
                "condition": [],
                "dataset": [],
                "domain": "",
                "group_by_email": "",
                "iam_member": "",
                "role": "OWNER",
                "routine": [],
                "special_group": "projectOwners",
                "user_by_email": "",
                "view": []
              },
              {
                "condition": [],
                "dataset": [],
                "domain": "",
                "group_by_email": "",
                "iam_member": "",
                "role": "READER",
                "routine": [],
                "special_group": "projectReaders",
                "user_by_email": "",
                "view": []
              },
              {
                "condition": [],
                "dataset": [],
                "domain": "",
                "group_by_email": "",
                "iam_member": "",
                "role": "WRITER",
                "routine": [],
                "special_group": "projectWriters",
                "user_by_email": "",
                "view": []
              }
            ],
            "creation_time": 1758029371426,
            "dataset_id": "hero_telemetry",
            "default_collation": "",
            "default_encryption_configuration": [],
            "default_partition_expiration_ms": 0,
            "default_table_expiration_ms": 0,
            "delete_contents_on_destroy": false,
            "description": "",
            "effective_labels": {
              "goog-terraform-provisioned": "true"
            },
            "etag": "ZrgYdobb4zOLDvk1j4kMWA==",
            "external_catalog_dataset_options": [],
            "external_dataset_reference": [],
            "friendly_name": "hero_telemetry",
            "id": "projects/qwiklabs-gcp-04-6db254dd6d5c/datasets/hero_telemetry",
            "is_case_insensitive": false,
            "labels": {},
            "last_modified_time": 1758029371426,
            "location": "us-central1",
            "max_time_travel_hours": "168",
            "project": "qwiklabs-gcp-04-6db254dd6d5c",
            "resource_tags": {},
            "self_link": "https://bigquery.googleapis.com/bigquery/v2/projects/qwiklabs-gcp-04-6db254dd6d5c/datasets/hero_telemetry",
            "storage_billing_model": "",
            "terraform_labels": {
              "goog-terraform-provisioned": "true"
            },
            "timeouts": null
          },
          "sensitive_attributes": [],
          "private": "eyJlMmJmYjczMC1lY2FhLTExZTYtOGY4OC0zNDM2M2JjN2M0YzAiOnsiY3JlYXRlIjoxMjAwMDAwMDAwMDAwLCJkZWxldGUiOjEyMDAwMDAwMDAwMDAsInVwZGF0ZSI6MTIwMDAwMDAwMDAwMH19",
          "dependencies": [
            "google_project_service.services"
          ]
        }
      ]
    },
    {
      "mode": "managed",
      "type": "google_cloud_run_v2_service",
      "name": "app",
      "provider": "provider[\"registry.terraform.io/hashicorp/google\"]",
      "instances": [
        {
          "schema_version": 0,
          "attributes": {
            "annotations": {},
            "binary_authorization": [],
            "build_config": [],
            "client": "",
            "client_version": "",
            "conditions": [
              {
                "execution_reason": "",
                "last_transition_time": "2025-09-17T11:13:48.667331Z",
                "message": "",
                "reason": "",
                "revision_reason": "",
                "severity": "",
                "state": "CONDITION_SUCCEEDED",
                "type": "RoutesReady"
              },
              {
                "execution_reason": "",
                "last_transition_time": "2025-09-17T11:13:47.437450Z",
                "message": "",
                "reason": "",
                "revision_reason": "",
                "severity": "",
                "state": "CONDITION_SUCCEEDED",
                "type": "ConfigurationsReady"
              }
            ],
            "create_time": "2025-09-17T11:13:10.215198Z",
            "creator": "student-01-bd982d689a1b@qwiklabs.net",
            "custom_audiences": [],
            "delete_time": "",
            "deletion_protection": false,
            "description": "",
            "effective_annotations": {},
            "effective_labels": {
              "goog-terraform-provisioned": "true"
            },
            "etag": "\"CMavqsYGELDSzmY/cHJvamVjdHMvcXdpa2xhYnMtZ2NwLTA0LTZkYjI1NGRkNmQ1Yy9sb2NhdGlvbnMvdXMtY2VudHJhbDEvc2VydmljZXMvaGVybw\"",
            "expire_time": "",
            "generation": "1",
            "id": "projects/qwiklabs-gcp-04-6db254dd6d5c/locations/us-central1/services/hero",
            "ingress": "INGRESS_TRAFFIC_ALL",
            "invoker_iam_disabled": false,
            "labels": {},
            "last_modifier": "student-01-bd982d689a1b@qwiklabs.net",
            "latest_created_revision": "projects/qwiklabs-gcp-04-6db254dd6d5c/locations/us-central1/services/hero/revisions/hero-00001-8b4",
            "latest_ready_revision": "projects/qwiklabs-gcp-04-6db254dd6d5c/locations/us-central1/services/hero/revisions/hero-00001-8b4",
            "launch_stage": "GA",
            "location": "us-central1",
            "name": "hero",
            "observed_generation": "1",
            "project": "qwiklabs-gcp-04-6db254dd6d5c",
            "reconciling": false,
            "scaling": [],
            "template": [
              {
                "annotations": {},
                "containers": [
                  {
                    "args": [],
                    "base_image_uri": "",
                    "build_info": [],
                    "command": [],
                    "depends_on": [],
                    "env": [
                      {
                        "name": "DB_HOST",
                        "value": "10.164.0.2",
                        "value_source": []
                      },
                      {
                        "name": "DB_PASS",
                        "value": "",
                        "value_source": [
                          {
                            "secret_key_ref": [
                              {
                                "secret": "hero-db-password",
                                "version": "latest"
                              }
                            ]
                          }
                        ]
                      }
                    ],
                    "image": "us-docker.pkg.dev/cloudrun/container/hello",
                    "liveness_probe": [],
                    "name": "",
                    "ports": [
                      {
                        "container_port": 8080,
                        "name": "http1"
                      }
                    ],
                    "resources": [
                      {
                        "cpu_idle": false,
                        "limits": {
                          "cpu": "1",
                          "memory": "3Gi"
                        },
                        "startup_cpu_boost": false
                      }
                    ],
                    "startup_probe": [
                      {
                        "failure_threshold": 1,
                        "grpc": [],
                        "http_get": [],
                        "initial_delay_seconds": 0,
                        "period_seconds": 240,
                        "tcp_socket": [
                          {
                            "port": 8080
                          }
                        ],
                        "timeout_seconds": 240
                      }
                    ],
                    "volume_mounts": [],
                    "working_dir": ""
                  }
                ],
                "encryption_key": "",
                "execution_environment": "",
                "gpu_zonal_redundancy_disabled": false,
                "labels": {},
                "max_instance_request_concurrency": 40,
                "node_selector": [],
                "revision": "",
                "scaling": [
                  {
                    "max_instance_count": 10,
                    "min_instance_count": 1
                  }
                ],
                "service_account": "hero-app@qwiklabs-gcp-04-6db254dd6d5c.iam.gserviceaccount.com",
                "session_affinity": true,
                "timeout": "300s",
                "volumes": [],
                "vpc_access": [
                  {
                    "connector": "",
                    "egress": "PRIVATE_RANGES_ONLY",
                    "network_interfaces": [
                      {
                        "network": "projects/qwiklabs-gcp-04-6db254dd6d5c/global/networks/hero-alloydb-network",
                        "subnetwork": "projects/qwiklabs-gcp-04-6db254dd6d5c/regions/us-central1/subnetworks/hero-alloydb-network",
                        "tags": []
                      }
                    ]
                  }
                ]
              }
            ],
            "terminal_condition": [
              {
                "execution_reason": "",
                "last_transition_time": "2025-09-17T11:13:48.713035Z",
                "message": "",
                "reason": "",
                "revision_reason": "",
                "severity": "",
                "state": "CONDITION_SUCCEEDED",
                "type": "Ready"
              }
            ],
            "terraform_labels": {
              "goog-terraform-provisioned": "true"
            },
            "timeouts": null,
            "traffic": [
              {
                "percent": 100,
                "revision": "",
                "tag": "",
                "type": "TRAFFIC_TARGET_ALLOCATION_TYPE_LATEST"
              }
            ],
            "traffic_statuses": [
              {
                "percent": 100,
                "revision": "",
                "tag": "",
                "type": "TRAFFIC_TARGET_ALLOCATION_TYPE_LATEST",
                "uri": ""
              }
            ],
            "uid": "f86b6f24-6fe4-46a7-9d58-4f214c233f4a",
            "update_time": "2025-09-17T11:13:10.215198Z",
            "uri": "https://hero-po7lvhgkeq-uc.a.run.app",
            "urls": [
              "https://hero-947782432904.us-central1.run.app",
              "https://hero-po7lvhgkeq-uc.a.run.app"
            ]
          },
          "sensitive_attributes": [],
          "private": "eyJlMmJmYjczMC1lY2FhLTExZTYtOGY4OC0zNDM2M2JjN2M0YzAiOnsiY3JlYXRlIjoxMjAwMDAwMDAwMDAwLCJkZWxldGUiOjEyMDAwMDAwMDAwMDAsInVwZGF0ZSI6MTIwMDAwMDAwMDAwMH19",
          "dependencies": [
            "google_alloydb_cluster.session_db_cluster",
            "google_alloydb_instance.session_db_instance",
            "google_compute_global_address.private_ip_alloc",
            "google_compute_network.default",
            "google_compute_subnetwork.default",
            "google_project_service.services",
            "google_secret_manager_secret.db_password",
            "google_service_account.app_sa",
            "google_service_networking_connection.vpc_connection"
          ]
        }
      ]
    },
    {
      "mode": "managed",
      "type": "google_compute_global_address",
      "name": "private_ip_alloc",
      "provider": "provider[\"registry.terraform.io/hashicorp/google\"]",
      "instances": [
        {
          "schema_version": 0,
          "attributes": {
            "address": "10.164.0.0",
            "address_type": "INTERNAL",
            "creation_timestamp": "2025-09-16T06:29:42.781-07:00",
            "description": "",
            "effective_labels": {
              "goog-terraform-provisioned": "true"
            },
            "id": "projects/qwiklabs-gcp-04-6db254dd6d5c/global/addresses/hero-private-ip",
            "ip_version": "",
            "label_fingerprint": "vezUS-42LLM=",
            "labels": {},
            "name": "hero-private-ip",
            "network": "https://www.googleapis.com/compute/v1/projects/qwiklabs-gcp-04-6db254dd6d5c/global/networks/hero-alloydb-network",
            "prefix_length": 16,
            "project": "qwiklabs-gcp-04-6db254dd6d5c",
            "purpose": "VPC_PEERING",
            "self_link": "https://www.googleapis.com/compute/v1/projects/qwiklabs-gcp-04-6db254dd6d5c/global/addresses/hero-private-ip",
            "terraform_labels": {
              "goog-terraform-provisioned": "true"
            },
            "timeouts": null
          },
          "sensitive_attributes": [],
          "private": "eyJlMmJmYjczMC1lY2FhLTExZTYtOGY4OC0zNDM2M2JjN2M0YzAiOnsiY3JlYXRlIjoxMjAwMDAwMDAwMDAwLCJkZWxldGUiOjEyMDAwMDAwMDAwMDAsInVwZGF0ZSI6MTIwMDAwMDAwMDAwMH19",
          "dependencies": [
            "google_compute_network.default",
            "google_project_service.services"
          ]
        }
      ]
    },
    {
      "mode": "managed",
      "type": "google_compute_network",
      "name": "default",
      "provider": "provider[\"registry.terraform.io/hashicorp/google\"]",
      "instances": [
        {
          "schema_version": 0,
          "attributes": {
            "auto_create_subnetworks": false,
            "bgp_always_compare_med": false,
            "bgp_best_path_selection_mode": "LEGACY",
            "bgp_inter_region_cost": "",
            "delete_default_routes_on_create": false,
            "description": "",
            "enable_ula_internal_ipv6": false,
            "gateway_ipv4": "",
            "id": "projects/qwiklabs-gcp-04-6db254dd6d5c/global/networks/hero-alloydb-network",
            "internal_ipv6_range": "",
            "mtu": 0,
            "name": "hero-alloydb-network",
            "network_firewall_policy_enforcement_order": "AFTER_CLASSIC_FIREWALL",
            "network_id": "8840860221013547220",
            "network_profile": "",
            "numeric_id": "8840860221013547220",
            "params": [],
            "project": "qwiklabs-gcp-04-6db254dd6d5c",
            "routing_mode": "REGIONAL",
            "self_link": "https://www.googleapis.com/compute/v1/projects/qwiklabs-gcp-04-6db254dd6d5c/global/networks/hero-alloydb-network",
            "timeouts": null
          },
          "sensitive_attributes": [],
          "private": "eyJlMmJmYjczMC1lY2FhLTExZTYtOGY4OC0zNDM2M2JjN2M0YzAiOnsiY3JlYXRlIjoxMjAwMDAwMDAwMDAwLCJkZWxldGUiOjEyMDAwMDAwMDAwMDAsInVwZGF0ZSI6MTIwMDAwMDAwMDAwMH19",
          "dependencies": [
            "google_project_service.services"
          ]
        }
      ]
    },
    {
      "mode": "managed",
      "type": "google_compute_subnetwork",
      "name": "default",
      "provider": "provider[\"registry.terraform.io/hashicorp/google\"]",
      "instances": [
        {
          "schema_version": 0,
          "attributes": {
            "creation_timestamp": "2025-09-16T06:29:43.648-07:00",
            "description": "",
            "enable_flow_logs": false,
            "external_ipv6_prefix": "",
            "fingerprint": null,
            "gateway_address": "10.0.0.1",
            "id": "projects/qwiklabs-gcp-04-6db254dd6d5c/regions/us-central1/subnetworks/hero-alloydb-network",
            "internal_ipv6_prefix": "",
            "ip_cidr_range": "10.0.0.0/24",
            "ip_collection": null,
            "ipv6_access_type": "",
            "ipv6_cidr_range": "",
            "ipv6_gce_endpoint": "",
            "log_config": [],
            "name": "hero-alloydb-network",
            "network": "https://www.googleapis.com/compute/v1/projects/qwiklabs-gcp-04-6db254dd6d5c/global/networks/hero-alloydb-network",
            "params": [],
            "private_ip_google_access": true,
            "private_ipv6_google_access": "DISABLE_GOOGLE_ACCESS",
            "project": "qwiklabs-gcp-04-6db254dd6d5c",
            "purpose": "PRIVATE",
            "region": "us-central1",
            "reserved_internal_range": "",
            "role": "",
            "secondary_ip_range": [],
            "self_link": "https://www.googleapis.com/compute/v1/projects/qwiklabs-gcp-04-6db254dd6d5c/regions/us-central1/subnetworks/hero-alloydb-network",
            "send_secondary_ip_range_if_empty": null,
            "stack_type": "IPV4_ONLY",
            "state": "",
            "subnetwork_id": 3393524375971223720,
            "timeouts": null
          },
          "sensitive_attributes": [],
          "private": "eyJlMmJmYjczMC1lY2FhLTExZTYtOGY4OC0zNDM2M2JjN2M0YzAiOnsiY3JlYXRlIjoxMjAwMDAwMDAwMDAwLCJkZWxldGUiOjEyMDAwMDAwMDAwMDAsInVwZGF0ZSI6MTIwMDAwMDAwMDAwMH19",
          "dependencies": [
            "google_compute_network.default",
            "google_project_service.services"
          ]
        }
      ]
    },
    {
      "mode": "managed",
      "type": "google_project_iam_member",
      "name": "app_sa_roles",
      "provider": "provider[\"registry.terraform.io/hashicorp/google\"]",
      "instances": [
        {
          "index_key": "dev,roles/aiplatform.user",
          "schema_version": 0,
          "attributes": {
            "condition": [],
            "etag": "BwY+/UcQA8k=",
            "id": "qwiklabs-gcp-04-6db254dd6d5c/roles/aiplatform.user/serviceAccount:hero-app@qwiklabs-gcp-04-6db254dd6d5c.iam.gserviceaccount.com",
            "member": "serviceAccount:hero-app@qwiklabs-gcp-04-6db254dd6d5c.iam.gserviceaccount.com",
            "project": "qwiklabs-gcp-04-6db254dd6d5c",
            "role": "roles/aiplatform.user"
          },
          "sensitive_attributes": [],
          "private": "bnVsbA==",
          "dependencies": [
            "google_project_service.services",
            "google_service_account.app_sa"
          ]
        },
        {
          "index_key": "dev,roles/cloudtrace.agent",
          "schema_version": 0,
          "attributes": {
            "condition": [],
            "etag": "BwY+/UcQA8k=",
            "id": "qwiklabs-gcp-04-6db254dd6d5c/roles/cloudtrace.agent/serviceAccount:hero-app@qwiklabs-gcp-04-6db254dd6d5c.iam.gserviceaccount.com",
            "member": "serviceAccount:hero-app@qwiklabs-gcp-04-6db254dd6d5c.iam.gserviceaccount.com",
            "project": "qwiklabs-gcp-04-6db254dd6d5c",
            "role": "roles/cloudtrace.agent"
          },
          "sensitive_attributes": [],
          "private": "bnVsbA==",
          "dependencies": [
            "google_project_service.services",
            "google_service_account.app_sa"
          ]
        },
        {
          "index_key": "dev,roles/discoveryengine.editor",
          "schema_version": 0,
          "attributes": {
            "condition": [],
            "etag": "BwY+/UcQA8k=",
            "id": "qwiklabs-gcp-04-6db254dd6d5c/roles/discoveryengine.editor/serviceAccount:hero-app@qwiklabs-gcp-04-6db254dd6d5c.iam.gserviceaccount.com",
            "member": "serviceAccount:hero-app@qwiklabs-gcp-04-6db254dd6d5c.iam.gserviceaccount.com",
            "project": "qwiklabs-gcp-04-6db254dd6d5c",
            "role": "roles/discoveryengine.editor"
          },
          "sensitive_attributes": [],
          "private": "bnVsbA==",
          "dependencies": [
            "google_project_service.services",
            "google_service_account.app_sa"
          ]
        },
        {
          "index_key": "dev,roles/logging.logWriter",
          "schema_version": 0,
          "attributes": {
            "condition": [],
            "etag": "BwY+/UcQA8k=",
            "id": "qwiklabs-gcp-04-6db254dd6d5c/roles/logging.logWriter/serviceAccount:hero-app@qwiklabs-gcp-04-6db254dd6d5c.iam.gserviceaccount.com",
            "member": "serviceAccount:hero-app@qwiklabs-gcp-04-6db254dd6d5c.iam.gserviceaccount.com",
            "project": "qwiklabs-gcp-04-6db254dd6d5c",
            "role": "roles/logging.logWriter"
          },
          "sensitive_attributes": [],
          "private": "bnVsbA==",
          "dependencies": [
            "google_project_service.services",
            "google_service_account.app_sa"
          ]
        },
        {
          "index_key": "dev,roles/secretmanager.secretAccessor",
          "schema_version": 0,
          "attributes": {
            "condition": [],
            "etag": "BwY+/UcQA8k=",
            "id": "qwiklabs-gcp-04-6db254dd6d5c/roles/secretmanager.secretAccessor/serviceAccount:hero-app@qwiklabs-gcp-04-6db254dd6d5c.iam.gserviceaccount.com",
            "member": "serviceAccount:hero-app@qwiklabs-gcp-04-6db254dd6d5c.iam.gserviceaccount.com",
            "project": "qwiklabs-gcp-04-6db254dd6d5c",
            "role": "roles/secretmanager.secretAccessor"
          },
          "sensitive_attributes": [],
          "private": "bnVsbA==",
          "dependencies": [
            "google_project_service.services",
            "google_service_account.app_sa"
          ]
        },
        {
          "index_key": "dev,roles/serviceusage.serviceUsageConsumer",
          "schema_version": 0,
          "attributes": {
            "condition": [],
            "etag": "BwY+/UcQA8k=",
            "id": "qwiklabs-gcp-04-6db254dd6d5c/roles/serviceusage.serviceUsageConsumer/serviceAccount:hero-app@qwiklabs-gcp-04-6db254dd6d5c.iam.gserviceaccount.com",
            "member": "serviceAccount:hero-app@qwiklabs-gcp-04-6db254dd6d5c.iam.gserviceaccount.com",
            "project": "qwiklabs-gcp-04-6db254dd6d5c",
            "role": "roles/serviceusage.serviceUsageConsumer"
          },
          "sensitive_attributes": [],
          "private": "bnVsbA==",
          "dependencies": [
            "google_project_service.services",
            "google_service_account.app_sa"
          ]
        },
        {
          "index_key": "dev,roles/storage.admin",
          "schema_version": 0,
          "attributes": {
            "condition": [],
            "etag": "BwY+/UcQA8k=",
            "id": "qwiklabs-gcp-04-6db254dd6d5c/roles/storage.admin/serviceAccount:hero-app@qwiklabs-gcp-04-6db254dd6d5c.iam.gserviceaccount.com",
            "member": "serviceAccount:hero-app@qwiklabs-gcp-04-6db254dd6d5c.iam.gserviceaccount.com",
            "project": "qwiklabs-gcp-04-6db254dd6d5c",
            "role": "roles/storage.admin"
          },
          "sensitive_attributes": [],
          "private": "bnVsbA==",
          "dependencies": [
            "google_project_service.services",
            "google_service_account.app_sa"
          ]
        }
      ]
    },
    {
      "mode": "managed",
      "type": "google_project_iam_member",
      "name": "bigquery_data_editor",
      "provider": "provider[\"registry.terraform.io/hashicorp/google\"]",
      "instances": [
        {
          "schema_version": 0,
          "attributes": {
            "condition": [],
            "etag": "BwY+/UcQA8k=",
            "id": "qwiklabs-gcp-04-6db254dd6d5c/roles/bigquery.dataEditor/serviceAccount:service-947782432904@gcp-sa-logging.iam.gserviceaccount.com",
            "member": "serviceAccount:service-947782432904@gcp-sa-logging.iam.gserviceaccount.com",
            "project": "qwiklabs-gcp-04-6db254dd6d5c",
            "role": "roles/bigquery.dataEditor"
          },
          "sensitive_attributes": [],
          "private": "bnVsbA==",
          "dependencies": [
            "google_bigquery_dataset.telemetry_logs_dataset",
            "google_project_service.services",
            "module.log_export_to_bigquery.google_logging_billing_account_sink.sink",
            "module.log_export_to_bigquery.google_logging_folder_sink.sink",
            "module.log_export_to_bigquery.google_logging_organization_sink.sink",
            "module.log_export_to_bigquery.google_logging_project_sink.sink"
          ]
        }
      ]
    },
    {
      "mode": "managed",
      "type": "google_project_iam_member",
      "name": "default_compute_sa_storage_object_creator",
      "provider": "provider[\"registry.terraform.io/hashicorp/google\"]",
      "instances": [
        {
          "schema_version": 0,
          "attributes": {
            "condition": [],
            "etag": "BwY+/UcQA8k=",
            "id": "qwiklabs-gcp-04-6db254dd6d5c/roles/cloudbuild.builds.builder/serviceAccount:947782432904-compute@developer.gserviceaccount.com",
            "member": "serviceAccount:947782432904-compute@developer.gserviceaccount.com",
            "project": "qwiklabs-gcp-04-6db254dd6d5c",
            "role": "roles/cloudbuild.builds.builder"
          },
          "sensitive_attributes": [],
          "private": "bnVsbA==",
          "dependencies": [
            "data.google_project.dev_project",
            "google_project_service.services"
          ]
        }
      ]
    },
    {
      "mode": "managed",
      "type": "google_project_service",
      "name": "services",
      "provider": "provider[\"registry.terraform.io/hashicorp/google\"]",
      "instances": [
        {
          "index_key": 0,
          "schema_version": 0,
          "attributes": {
            "disable_dependent_services": null,
            "disable_on_destroy": false,
            "id": "qwiklabs-gcp-04-6db254dd6d5c/aiplatform.googleapis.com",
            "project": "qwiklabs-gcp-04-6db254dd6d5c",
            "service": "aiplatform.googleapis.com",
            "timeouts": null
          },
          "sensitive_attributes": [],
          "private": "eyJlMmJmYjczMC1lY2FhLTExZTYtOGY4OC0zNDM2M2JjN2M0YzAiOnsiY3JlYXRlIjoxMjAwMDAwMDAwMDAwLCJkZWxldGUiOjEyMDAwMDAwMDAwMDAsInJlYWQiOjYwMDAwMDAwMDAwMCwidXBkYXRlIjoxMjAwMDAwMDAwMDAwfX0="
        },
        {
          "index_key": 1,
          "schema_version": 0,
          "attributes": {
            "disable_dependent_services": null,
            "disable_on_destroy": false,
            "id": "qwiklabs-gcp-04-6db254dd6d5c/cloudbuild.googleapis.com",
            "project": "qwiklabs-gcp-04-6db254dd6d5c",
            "service": "cloudbuild.googleapis.com",
            "timeouts": null
          },
          "sensitive_attributes": [],
          "private": "eyJlMmJmYjczMC1lY2FhLTExZTYtOGY4OC0zNDM2M2JjN2M0YzAiOnsiY3JlYXRlIjoxMjAwMDAwMDAwMDAwLCJkZWxldGUiOjEyMDAwMDAwMDAwMDAsInJlYWQiOjYwMDAwMDAwMDAwMCwidXBkYXRlIjoxMjAwMDAwMDAwMDAwfX0="
        },
        {
          "index_key": 2,
          "schema_version": 0,
          "attributes": {
            "disable_dependent_services": null,
            "disable_on_destroy": false,
            "id": "qwiklabs-gcp-04-6db254dd6d5c/run.googleapis.com",
            "project": "qwiklabs-gcp-04-6db254dd6d5c",
            "service": "run.googleapis.com",
            "timeouts": null
          },
          "sensitive_attributes": [],
          "private": "eyJlMmJmYjczMC1lY2FhLTExZTYtOGY4OC0zNDM2M2JjN2M0YzAiOnsiY3JlYXRlIjoxMjAwMDAwMDAwMDAwLCJkZWxldGUiOjEyMDAwMDAwMDAwMDAsInJlYWQiOjYwMDAwMDAwMDAwMCwidXBkYXRlIjoxMjAwMDAwMDAwMDAwfX0="
        },
        {
          "index_key": 3,
          "schema_version": 0,
          "attributes": {
            "disable_dependent_services": null,
            "disable_on_destroy": false,
            "id": "qwiklabs-gcp-04-6db254dd6d5c/bigquery.googleapis.com",
            "project": "qwiklabs-gcp-04-6db254dd6d5c",
            "service": "bigquery.googleapis.com",
            "timeouts": null
          },
          "sensitive_attributes": [],
          "private": "eyJlMmJmYjczMC1lY2FhLTExZTYtOGY4OC0zNDM2M2JjN2M0YzAiOnsiY3JlYXRlIjoxMjAwMDAwMDAwMDAwLCJkZWxldGUiOjEyMDAwMDAwMDAwMDAsInJlYWQiOjYwMDAwMDAwMDAwMCwidXBkYXRlIjoxMjAwMDAwMDAwMDAwfX0="
        },
        {
          "index_key": 4,
          "schema_version": 0,
          "attributes": {
            "disable_dependent_services": null,
            "disable_on_destroy": false,
            "id": "qwiklabs-gcp-04-6db254dd6d5c/discoveryengine.googleapis.com",
            "project": "qwiklabs-gcp-04-6db254dd6d5c",
            "service": "discoveryengine.googleapis.com",
            "timeouts": null
          },
          "sensitive_attributes": [],
          "private": "eyJlMmJmYjczMC1lY2FhLTExZTYtOGY4OC0zNDM2M2JjN2M0YzAiOnsiY3JlYXRlIjoxMjAwMDAwMDAwMDAwLCJkZWxldGUiOjEyMDAwMDAwMDAwMDAsInJlYWQiOjYwMDAwMDAwMDAwMCwidXBkYXRlIjoxMjAwMDAwMDAwMDAwfX0="
        },
        {
          "index_key": 5,
          "schema_version": 0,
          "attributes": {
            "disable_dependent_services": null,
            "disable_on_destroy": false,
            "id": "qwiklabs-gcp-04-6db254dd6d5c/cloudresourcemanager.googleapis.com",
            "project": "qwiklabs-gcp-04-6db254dd6d5c",
            "service": "cloudresourcemanager.googleapis.com",
            "timeouts": null
          },
          "sensitive_attributes": [],
          "private": "eyJlMmJmYjczMC1lY2FhLTExZTYtOGY4OC0zNDM2M2JjN2M0YzAiOnsiY3JlYXRlIjoxMjAwMDAwMDAwMDAwLCJkZWxldGUiOjEyMDAwMDAwMDAwMDAsInJlYWQiOjYwMDAwMDAwMDAwMCwidXBkYXRlIjoxMjAwMDAwMDAwMDAwfX0="
        },
        {
          "index_key": 6,
          "schema_version": 0,
          "attributes": {
            "disable_dependent_services": null,
            "disable_on_destroy": false,
            "id": "qwiklabs-gcp-04-6db254dd6d5c/iam.googleapis.com",
            "project": "qwiklabs-gcp-04-6db254dd6d5c",
            "service": "iam.googleapis.com",
            "timeouts": null
          },
          "sensitive_attributes": [],
          "private": "eyJlMmJmYjczMC1lY2FhLTExZTYtOGY4OC0zNDM2M2JjN2M0YzAiOnsiY3JlYXRlIjoxMjAwMDAwMDAwMDAwLCJkZWxldGUiOjEyMDAwMDAwMDAwMDAsInJlYWQiOjYwMDAwMDAwMDAwMCwidXBkYXRlIjoxMjAwMDAwMDAwMDAwfX0="
        },
        {
          "index_key": 7,
          "schema_version": 0,
          "attributes": {
            "disable_dependent_services": null,
            "disable_on_destroy": false,
            "id": "qwiklabs-gcp-04-6db254dd6d5c/bigquery.googleapis.com",
            "project": "qwiklabs-gcp-04-6db254dd6d5c",
            "service": "bigquery.googleapis.com",
            "timeouts": null
          },
          "sensitive_attributes": [],
          "private": "eyJlMmJmYjczMC1lY2FhLTExZTYtOGY4OC0zNDM2M2JjN2M0YzAiOnsiY3JlYXRlIjoxMjAwMDAwMDAwMDAwLCJkZWxldGUiOjEyMDAwMDAwMDAwMDAsInJlYWQiOjYwMDAwMDAwMDAwMCwidXBkYXRlIjoxMjAwMDAwMDAwMDAwfX0="
        },
        {
          "index_key": 8,
          "schema_version": 0,
          "attributes": {
            "disable_dependent_services": null,
            "disable_on_destroy": false,
            "id": "qwiklabs-gcp-04-6db254dd6d5c/serviceusage.googleapis.com",
            "project": "qwiklabs-gcp-04-6db254dd6d5c",
            "service": "serviceusage.googleapis.com",
            "timeouts": null
          },
          "sensitive_attributes": [],
          "private": "eyJlMmJmYjczMC1lY2FhLTExZTYtOGY4OC0zNDM2M2JjN2M0YzAiOnsiY3JlYXRlIjoxMjAwMDAwMDAwMDAwLCJkZWxldGUiOjEyMDAwMDAwMDAwMDAsInJlYWQiOjYwMDAwMDAwMDAwMCwidXBkYXRlIjoxMjAwMDAwMDAwMDAwfX0="
        },
        {
          "index_key": 9,
          "schema_version": 0,
          "attributes": {
            "disable_dependent_services": null,
            "disable_on_destroy": false,
            "id": "qwiklabs-gcp-04-6db254dd6d5c/logging.googleapis.com",
            "project": "qwiklabs-gcp-04-6db254dd6d5c",
            "service": "logging.googleapis.com",
            "timeouts": null
          },
          "sensitive_attributes": [],
          "private": "eyJlMmJmYjczMC1lY2FhLTExZTYtOGY4OC0zNDM2M2JjN2M0YzAiOnsiY3JlYXRlIjoxMjAwMDAwMDAwMDAwLCJkZWxldGUiOjEyMDAwMDAwMDAwMDAsInJlYWQiOjYwMDAwMDAwMDAwMCwidXBkYXRlIjoxMjAwMDAwMDAwMDAwfX0="
        },
        {
          "index_key": 10,
          "schema_version": 0,
          "attributes": {
            "disable_dependent_services": null,
            "disable_on_destroy": false,
            "id": "qwiklabs-gcp-04-6db254dd6d5c/cloudtrace.googleapis.com",
            "project": "qwiklabs-gcp-04-6db254dd6d5c",
            "service": "cloudtrace.googleapis.com",
            "timeouts": null
          },
          "sensitive_attributes": [],
          "private": "eyJlMmJmYjczMC1lY2FhLTExZTYtOGY4OC0zNDM2M2JjN2M0YzAiOnsiY3JlYXRlIjoxMjAwMDAwMDAwMDAwLCJkZWxldGUiOjEyMDAwMDAwMDAwMDAsInJlYWQiOjYwMDAwMDAwMDAwMCwidXBkYXRlIjoxMjAwMDAwMDAwMDAwfX0="
        },
        {
          "index_key": 11,
          "schema_version": 0,
          "attributes": {
            "disable_dependent_services": null,
            "disable_on_destroy": false,
            "id": "qwiklabs-gcp-04-6db254dd6d5c/compute.googleapis.com",
            "project": "qwiklabs-gcp-04-6db254dd6d5c",
            "service": "compute.googleapis.com",
            "timeouts": null
          },
          "sensitive_attributes": [],
          "private": "eyJlMmJmYjczMC1lY2FhLTExZTYtOGY4OC0zNDM2M2JjN2M0YzAiOnsiY3JlYXRlIjoxMjAwMDAwMDAwMDAwLCJkZWxldGUiOjEyMDAwMDAwMDAwMDAsInJlYWQiOjYwMDAwMDAwMDAwMCwidXBkYXRlIjoxMjAwMDAwMDAwMDAwfX0="
        },
        {
          "index_key": 12,
          "schema_version": 0,
          "attributes": {
            "disable_dependent_services": null,
            "disable_on_destroy": false,
            "id": "qwiklabs-gcp-04-6db254dd6d5c/servicenetworking.googleapis.com",
            "project": "qwiklabs-gcp-04-6db254dd6d5c",
            "service": "servicenetworking.googleapis.com",
            "timeouts": null
          },
          "sensitive_attributes": [],
          "private": "eyJlMmJmYjczMC1lY2FhLTExZTYtOGY4OC0zNDM2M2JjN2M0YzAiOnsiY3JlYXRlIjoxMjAwMDAwMDAwMDAwLCJkZWxldGUiOjEyMDAwMDAwMDAwMDAsInJlYWQiOjYwMDAwMDAwMDAwMCwidXBkYXRlIjoxMjAwMDAwMDAwMDAwfX0="
        },
        {
          "index_key": 13,
          "schema_version": 0,
          "attributes": {
            "disable_dependent_services": null,
            "disable_on_destroy": false,
            "id": "qwiklabs-gcp-04-6db254dd6d5c/alloydb.googleapis.com",
            "project": "qwiklabs-gcp-04-6db254dd6d5c",
            "service": "alloydb.googleapis.com",
            "timeouts": null
          },
          "sensitive_attributes": [],
          "private": "eyJlMmJmYjczMC1lY2FhLTExZTYtOGY4OC0zNDM2M2JjN2M0YzAiOnsiY3JlYXRlIjoxMjAwMDAwMDAwMDAwLCJkZWxldGUiOjEyMDAwMDAwMDAwMDAsInJlYWQiOjYwMDAwMDAwMDAwMCwidXBkYXRlIjoxMjAwMDAwMDAwMDAwfX0="
        },
        {
          "index_key": 14,
          "schema_version": 0,
          "attributes": {
            "disable_dependent_services": null,
            "disable_on_destroy": false,
            "id": "qwiklabs-gcp-04-6db254dd6d5c/secretmanager.googleapis.com",
            "project": "qwiklabs-gcp-04-6db254dd6d5c",
            "service": "secretmanager.googleapis.com",
            "timeouts": null
          },
          "sensitive_attributes": [],
          "private": "eyJlMmJmYjczMC1lY2FhLTExZTYtOGY4OC0zNDM2M2JjN2M0YzAiOnsiY3JlYXRlIjoxMjAwMDAwMDAwMDAwLCJkZWxldGUiOjEyMDAwMDAwMDAwMDAsInJlYWQiOjYwMDAwMDAwMDAwMCwidXBkYXRlIjoxMjAwMDAwMDAwMDAwfX0="
        },
        {
          "index_key": 15,
          "schema_version": 0,
          "attributes": {
            "disable_dependent_services": null,
            "disable_on_destroy": false,
            "id": "qwiklabs-gcp-04-6db254dd6d5c/dns.googleapis.com",
            "project": "qwiklabs-gcp-04-6db254dd6d5c",
            "service": "dns.googleapis.com",
            "timeouts": null
          },
          "sensitive_attributes": [],
          "private": "eyJlMmJmYjczMC1lY2FhLTExZTYtOGY4OC0zNDM2M2JjN2M0YzAiOnsiY3JlYXRlIjoxMjAwMDAwMDAwMDAwLCJkZWxldGUiOjEyMDAwMDAwMDAwMDAsInJlYWQiOjYwMDAwMDAwMDAwMCwidXBkYXRlIjoxMjAwMDAwMDAwMDAwfX0="
        }
      ]
    },
    {
      "mode": "managed",
      "type": "google_project_service_identity",
      "name": "vertex_sa",
      "provider": "provider[\"registry.terraform.io/hashicorp/google-beta\"]",
      "instances": [
        {
          "schema_version": 0,
          "attributes": {
            "email": "service-947782432904@gcp-sa-aiplatform.iam.gserviceaccount.com",
            "id": "projects/qwiklabs-gcp-04-6db254dd6d5c/services/aiplatform.googleapis.com",
            "member": "serviceAccount:service-947782432904@gcp-sa-aiplatform.iam.gserviceaccount.com",
            "project": "qwiklabs-gcp-04-6db254dd6d5c",
            "service": "aiplatform.googleapis.com",
            "timeouts": null
          },
          "sensitive_attributes": [],
          "private": "eyJlMmJmYjczMC1lY2FhLTExZTYtOGY4OC0zNDM2M2JjN2M0YzAiOnsiY3JlYXRlIjoxMjAwMDAwMDAwMDAwLCJkZWxldGUiOjEyMDAwMDAwMDAwMDAsInJlYWQiOjYwMDAwMDAwMDAwMH19"
        }
      ]
    },
    {
      "mode": "managed",
      "type": "google_secret_manager_secret",
      "name": "cloudsql_host",
      "provider": "provider[\"registry.terraform.io/hashicorp/google\"]",
      "instances": [
        {
          "schema_version": 0,
          "attributes": {
            "annotations": {},
            "create_time": "2025-09-17T11:57:00.091677Z",
            "deletion_protection": false,
            "effective_annotations": {},
            "effective_labels": {
              "goog-terraform-provisioned": "true"
            },
            "expire_time": "",
            "id": "projects/qwiklabs-gcp-04-6db254dd6d5c/secrets/hero-cloudsql-host",
            "labels": {},
            "name": "projects/947782432904/secrets/hero-cloudsql-host",
            "project": "qwiklabs-gcp-04-6db254dd6d5c",
            "replication": [
              {
                "auto": [
                  {
                    "customer_managed_encryption": []
                  }
                ],
                "user_managed": []
              }
            ],
            "rotation": [],
            "secret_id": "hero-cloudsql-host",
            "tags": null,
            "terraform_labels": {
              "goog-terraform-provisioned": "true"
            },
            "timeouts": null,
            "topics": [],
            "ttl": null,
            "version_aliases": {},
            "version_destroy_ttl": ""
          },
          "sensitive_attributes": [],
          "private": "eyJlMmJmYjczMC1lY2FhLTExZTYtOGY4OC0zNDM2M2JjN2M0YzAiOnsiY3JlYXRlIjoxMjAwMDAwMDAwMDAwLCJkZWxldGUiOjEyMDAwMDAwMDAwMDAsInVwZGF0ZSI6MTIwMDAwMDAwMDAwMH19"
        }
      ]
    },
    {
      "mode": "managed",
      "type": "google_secret_manager_secret",
      "name": "cloudsql_password",
      "provider": "provider[\"registry.terraform.io/hashicorp/google\"]",
      "instances": [
        {
          "schema_version": 0,
          "attributes": {
            "annotations": {},
            "create_time": "2025-09-17T11:35:25.833427Z",
            "deletion_protection": false,
            "effective_annotations": {},
            "effective_labels": {
              "goog-terraform-provisioned": "true"
            },
            "expire_time": "",
            "id": "projects/qwiklabs-gcp-04-6db254dd6d5c/secrets/hero-cloudsql-password",
            "labels": {},
            "name": "projects/947782432904/secrets/hero-cloudsql-password",
            "project": "qwiklabs-gcp-04-6db254dd6d5c",
            "replication": [
              {
                "auto": [
                  {
                    "customer_managed_encryption": []
                  }
                ],
                "user_managed": []
              }
            ],
            "rotation": [],
            "secret_id": "hero-cloudsql-password",
            "tags": null,
            "terraform_labels": {
              "goog-terraform-provisioned": "true"
            },
            "timeouts": null,
            "topics": [],
            "ttl": null,
            "version_aliases": {},
            "version_destroy_ttl": ""
          },
          "sensitive_attributes": [],
          "private": "eyJlMmJmYjczMC1lY2FhLTExZTYtOGY4OC0zNDM2M2JjN2M0YzAiOnsiY3JlYXRlIjoxMjAwMDAwMDAwMDAwLCJkZWxldGUiOjEyMDAwMDAwMDAwMDAsInVwZGF0ZSI6MTIwMDAwMDAwMDAwMH19"
        }
      ]
    },
    {
      "mode": "managed",
      "type": "google_secret_manager_secret",
      "name": "cloudsql_port",
      "provider": "provider[\"registry.terraform.io/hashicorp/google\"]",
      "instances": [
        {
          "schema_version": 0,
          "attributes": {
            "annotations": {},
            "create_time": "2025-09-17T12:02:42.360296Z",
            "deletion_protection": false,
            "effective_annotations": {},
            "effective_labels": {
              "goog-terraform-provisioned": "true"
            },
            "expire_time": "",
            "id": "projects/qwiklabs-gcp-04-6db254dd6d5c/secrets/hero-cloudsql-port",
            "labels": {},
            "name": "projects/947782432904/secrets/hero-cloudsql-port",
            "project": "qwiklabs-gcp-04-6db254dd6d5c",
            "replication": [
              {
                "auto": [
                  {
                    "customer_managed_encryption": []
                  }
                ],
                "user_managed": []
              }
            ],
            "rotation": [],
            "secret_id": "hero-cloudsql-port",
            "tags": null,
            "terraform_labels": {
              "goog-terraform-provisioned": "true"
            },
            "timeouts": null,
            "topics": [],
            "ttl": null,
            "version_aliases": {},
            "version_destroy_ttl": ""
          },
          "sensitive_attributes": [],
          "private": "eyJlMmJmYjczMC1lY2FhLTExZTYtOGY4OC0zNDM2M2JjN2M0YzAiOnsiY3JlYXRlIjoxMjAwMDAwMDAwMDAwLCJkZWxldGUiOjEyMDAwMDAwMDAwMDAsInVwZGF0ZSI6MTIwMDAwMDAwMDAwMH19"
        }
      ]
    },
    {
      "mode": "managed",
      "type": "google_secret_manager_secret",
      "name": "cloudsql_user",
      "provider": "provider[\"registry.terraform.io/hashicorp/google\"]",
      "instances": [
        {
          "schema_version": 0,
          "attributes": {
            "annotations": {},
            "create_time": "2025-09-17T11:57:00.761994Z",
            "deletion_protection": false,
            "effective_annotations": {},
            "effective_labels": {
              "goog-terraform-provisioned": "true"
            },
            "expire_time": "",
            "id": "projects/qwiklabs-gcp-04-6db254dd6d5c/secrets/hero-cloudsql-user",
            "labels": {},
            "name": "projects/947782432904/secrets/hero-cloudsql-user",
            "project": "qwiklabs-gcp-04-6db254dd6d5c",
            "replication": [
              {
                "auto": [
                  {
                    "customer_managed_encryption": []
                  }
                ],
                "user_managed": []
              }
            ],
            "rotation": [],
            "secret_id": "hero-cloudsql-user",
            "tags": null,
            "terraform_labels": {
              "goog-terraform-provisioned": "true"
            },
            "timeouts": null,
            "topics": [],
            "ttl": null,
            "version_aliases": {},
            "version_destroy_ttl": ""
          },
          "sensitive_attributes": [],
          "private": "eyJlMmJmYjczMC1lY2FhLTExZTYtOGY4OC0zNDM2M2JjN2M0YzAiOnsiY3JlYXRlIjoxMjAwMDAwMDAwMDAwLCJkZWxldGUiOjEyMDAwMDAwMDAwMDAsInVwZGF0ZSI6MTIwMDAwMDAwMDAwMH19"
        }
      ]
    },
    {
      "mode": "managed",
      "type": "google_secret_manager_secret",
      "name": "db_password",
      "provider": "provider[\"registry.terraform.io/hashicorp/google\"]",
      "instances": [
        {
          "schema_version": 0,
          "attributes": {
            "annotations": {},
            "create_time": "2025-09-17T11:09:43.128053Z",
            "deletion_protection": false,
            "effective_annotations": {},
            "effective_labels": {
              "goog-terraform-provisioned": "true"
            },
            "expire_time": "",
            "id": "projects/qwiklabs-gcp-04-6db254dd6d5c/secrets/hero-db-password",
            "labels": {},
            "name": "projects/947782432904/secrets/hero-db-password",
            "project": "qwiklabs-gcp-04-6db254dd6d5c",
            "replication": [
              {
                "auto": [
                  {
                    "customer_managed_encryption": []
                  }
                ],
                "user_managed": []
              }
            ],
            "rotation": [],
            "secret_id": "hero-db-password",
            "tags": null,
            "terraform_labels": {
              "goog-terraform-provisioned": "true"
            },
            "timeouts": null,
            "topics": [],
            "ttl": null,
            "version_aliases": {},
            "version_destroy_ttl": ""
          },
          "sensitive_attributes": [],
          "private": "eyJlMmJmYjczMC1lY2FhLTExZTYtOGY4OC0zNDM2M2JjN2M0YzAiOnsiY3JlYXRlIjoxMjAwMDAwMDAwMDAwLCJkZWxldGUiOjEyMDAwMDAwMDAwMDAsInVwZGF0ZSI6MTIwMDAwMDAwMDAwMH19",
          "dependencies": [
            "google_project_service.services"
          ]
        }
      ]
    },
    {
      "mode": "managed",
      "type": "google_secret_manager_secret_version",
      "name": "cloudsql_host",
      "provider": "provider[\"registry.terraform.io/hashicorp/google\"]",
      "instances": [
        {
          "schema_version": 0,
          "attributes": {
            "create_time": "2025-09-17T11:57:03.186711Z",
            "deletion_policy": "DELETE",
            "destroy_time": "",
            "enabled": true,
            "id": "projects/947782432904/secrets/hero-cloudsql-host/versions/1",
            "is_secret_data_base64": false,
            "name": "projects/947782432904/secrets/hero-cloudsql-host/versions/1",
            "secret": "projects/qwiklabs-gcp-04-6db254dd6d5c/secrets/hero-cloudsql-host",
            "secret_data": "34.132.64.204",
            "secret_data_wo": null,
            "secret_data_wo_version": 0,
            "timeouts": null,
            "version": "1"
          },
          "sensitive_attributes": [
            [
              {
                "type": "get_attr",
                "value": "secret_data"
              }
            ]
          ],
          "private": "eyJlMmJmYjczMC1lY2FhLTExZTYtOGY4OC0zNDM2M2JjN2M0YzAiOnsiY3JlYXRlIjoxMjAwMDAwMDAwMDAwLCJkZWxldGUiOjEyMDAwMDAwMDAwMDAsInVwZGF0ZSI6MTIwMDAwMDAwMDAwMH19",
          "dependencies": [
            "google_secret_manager_secret.cloudsql_host",
            "google_sql_database_instance.main"
          ]
        }
      ]
    },
    {
      "mode": "managed",
      "type": "google_secret_manager_secret_version",
      "name": "cloudsql_password",
      "provider": "provider[\"registry.terraform.io/hashicorp/google\"]",
      "instances": [
        {
          "schema_version": 0,
          "attributes": {
            "create_time": "2025-09-17T11:35:28.955243Z",
            "deletion_policy": "DELETE",
            "destroy_time": "",
            "enabled": true,
            "id": "projects/947782432904/secrets/hero-cloudsql-password/versions/1",
            "is_secret_data_base64": false,
            "name": "projects/947782432904/secrets/hero-cloudsql-password/versions/1",
            "secret": "projects/qwiklabs-gcp-04-6db254dd6d5c/secrets/hero-cloudsql-password",
            "secret_data": "DoBAA[m_D91G0Pd2",
            "secret_data_wo": null,
            "secret_data_wo_version": 0,
            "timeouts": null,
            "version": "1"
          },
          "sensitive_attributes": [
            [
              {
                "type": "get_attr",
                "value": "secret_data"
              }
            ]
          ],
          "private": "eyJlMmJmYjczMC1lY2FhLTExZTYtOGY4OC0zNDM2M2JjN2M0YzAiOnsiY3JlYXRlIjoxMjAwMDAwMDAwMDAwLCJkZWxldGUiOjEyMDAwMDAwMDAwMDAsInVwZGF0ZSI6MTIwMDAwMDAwMDAwMH19",
          "dependencies": [
            "google_secret_manager_secret.cloudsql_password",
            "random_password.cloudsql_password"
          ]
        }
      ]
    },
    {
      "mode": "managed",
      "type": "google_secret_manager_secret_version",
      "name": "cloudsql_port",
      "provider": "provider[\"registry.terraform.io/hashicorp/google\"]",
      "instances": [
        {
          "schema_version": 0,
          "attributes": {
            "create_time": "2025-09-17T12:02:45.978736Z",
            "deletion_policy": "DELETE",
            "destroy_time": "",
            "enabled": true,
            "id": "projects/947782432904/secrets/hero-cloudsql-port/versions/1",
            "is_secret_data_base64": false,
            "name": "projects/947782432904/secrets/hero-cloudsql-port/versions/1",
            "secret": "projects/qwiklabs-gcp-04-6db254dd6d5c/secrets/hero-cloudsql-port",
            "secret_data": "5432",
            "secret_data_wo": null,
            "secret_data_wo_version": 0,
            "timeouts": null,
            "version": "1"
          },
          "sensitive_attributes": [
            [
              {
                "type": "get_attr",
                "value": "secret_data"
              }
            ]
          ],
          "private": "eyJlMmJmYjczMC1lY2FhLTExZTYtOGY4OC0zNDM2M2JjN2M0YzAiOnsiY3JlYXRlIjoxMjAwMDAwMDAwMDAwLCJkZWxldGUiOjEyMDAwMDAwMDAwMDAsInVwZGF0ZSI6MTIwMDAwMDAwMDAwMH19",
          "dependencies": [
            "google_secret_manager_secret.cloudsql_port"
          ]
        }
      ]
    },
    {
      "mode": "managed",
      "type": "google_secret_manager_secret_version",
      "name": "cloudsql_user",
      "provider": "provider[\"registry.terraform.io/hashicorp/google\"]",
      "instances": [
        {
          "schema_version": 0,
          "attributes": {
            "create_time": "2025-09-17T11:57:03.006872Z",
            "deletion_policy": "DELETE",
            "destroy_time": "",
            "enabled": true,
            "id": "projects/947782432904/secrets/hero-cloudsql-user/versions/1",
            "is_secret_data_base64": false,
            "name": "projects/947782432904/secrets/hero-cloudsql-user/versions/1",
            "secret": "projects/qwiklabs-gcp-04-6db254dd6d5c/secrets/hero-cloudsql-user",
            "secret_data": "hero_db",
            "secret_data_wo": null,
            "secret_data_wo_version": 0,
            "timeouts": null,
            "version": "1"
          },
          "sensitive_attributes": [
            [
              {
                "type": "get_attr",
                "value": "secret_data"
              }
            ]
          ],
          "private": "eyJlMmJmYjczMC1lY2FhLTExZTYtOGY4OC0zNDM2M2JjN2M0YzAiOnsiY3JlYXRlIjoxMjAwMDAwMDAwMDAwLCJkZWxldGUiOjEyMDAwMDAwMDAwMDAsInVwZGF0ZSI6MTIwMDAwMDAwMDAwMH19",
          "dependencies": [
            "google_secret_manager_secret.cloudsql_user"
          ]
        }
      ]
    },
    {
      "mode": "managed",
      "type": "google_secret_manager_secret_version",
      "name": "db_password",
      "provider": "provider[\"registry.terraform.io/hashicorp/google\"]",
      "instances": [
        {
          "schema_version": 0,
          "attributes": {
            "create_time": "2025-09-17T11:09:45.808772Z",
            "deletion_policy": "DELETE",
            "destroy_time": "",
            "enabled": true,
            "id": "projects/947782432904/secrets/hero-db-password/versions/1",
            "is_secret_data_base64": false,
            "name": "projects/947782432904/secrets/hero-db-password/versions/1",
            "secret": "projects/qwiklabs-gcp-04-6db254dd6d5c/secrets/hero-db-password",
            "secret_data": "SB#9wK)F6jfuYe_\u003e",
            "secret_data_wo": null,
            "secret_data_wo_version": 0,
            "timeouts": null,
            "version": "1"
          },
          "sensitive_attributes": [
            [
              {
                "type": "get_attr",
                "value": "secret_data"
              }
            ]
          ],
          "private": "eyJlMmJmYjczMC1lY2FhLTExZTYtOGY4OC0zNDM2M2JjN2M0YzAiOnsiY3JlYXRlIjoxMjAwMDAwMDAwMDAwLCJkZWxldGUiOjEyMDAwMDAwMDAwMDAsInVwZGF0ZSI6MTIwMDAwMDAwMDAwMH19",
          "dependencies": [
            "google_project_service.services",
            "google_secret_manager_secret.db_password",
            "random_password.db_password"
          ]
        }
      ]
    },
    {
      "mode": "managed",
      "type": "google_service_account",
      "name": "app_sa",
      "provider": "provider[\"registry.terraform.io/hashicorp/google\"]",
      "instances": [
        {
          "schema_version": 0,
          "attributes": {
            "account_id": "hero-app",
            "create_ignore_already_exists": null,
            "description": "",
            "disabled": false,
            "display_name": "hero Agent Service Account",
            "email": "hero-app@qwiklabs-gcp-04-6db254dd6d5c.iam.gserviceaccount.com",
            "id": "projects/qwiklabs-gcp-04-6db254dd6d5c/serviceAccounts/hero-app@qwiklabs-gcp-04-6db254dd6d5c.iam.gserviceaccount.com",
            "member": "serviceAccount:hero-app@qwiklabs-gcp-04-6db254dd6d5c.iam.gserviceaccount.com",
            "name": "projects/qwiklabs-gcp-04-6db254dd6d5c/serviceAccounts/hero-app@qwiklabs-gcp-04-6db254dd6d5c.iam.gserviceaccount.com",
            "project": "qwiklabs-gcp-04-6db254dd6d5c",
            "timeouts": null,
            "unique_id": "117209138298601274013"
          },
          "sensitive_attributes": [],
          "private": "eyJlMmJmYjczMC1lY2FhLTExZTYtOGY4OC0zNDM2M2JjN2M0YzAiOnsiY3JlYXRlIjozMDAwMDAwMDAwMDB9fQ==",
          "dependencies": [
            "google_project_service.services"
          ]
        }
      ]
    },
    {
      "mode": "managed",
      "type": "google_service_networking_connection",
      "name": "vpc_connection",
      "provider": "provider[\"registry.terraform.io/hashicorp/google\"]",
      "instances": [
        {
          "schema_version": 0,
          "attributes": {
            "deletion_policy": null,
            "id": "projects%2Fqwiklabs-gcp-04-6db254dd6d5c%2Fglobal%2Fnetworks%2Fhero-alloydb-network:servicenetworking.googleapis.com",
            "network": "projects/qwiklabs-gcp-04-6db254dd6d5c/global/networks/hero-alloydb-network",
            "peering": "servicenetworking-googleapis-com",
            "reserved_peering_ranges": [
              "hero-private-ip"
            ],
            "service": "servicenetworking.googleapis.com",
            "timeouts": null,
            "update_on_creation_fail": null
          },
          "sensitive_attributes": [],
          "private": "eyJlMmJmYjczMC1lY2FhLTExZTYtOGY4OC0zNDM2M2JjN2M0YzAiOnsiY3JlYXRlIjo2MDAwMDAwMDAwMDAsImRlbGV0ZSI6NjAwMDAwMDAwMDAwLCJ1cGRhdGUiOjYwMDAwMDAwMDAwMH19",
          "dependencies": [
            "google_compute_global_address.private_ip_alloc",
            "google_compute_network.default",
            "google_project_service.services"
          ]
        }
      ]
    },
    {
      "mode": "managed",
      "type": "google_sql_database",
      "name": "hero_db",
      "provider": "provider[\"registry.terraform.io/hashicorp/google\"]",
      "instances": [
        {
          "schema_version": 0,
          "attributes": {
            "charset": "UTF8",
            "collation": "en_US.UTF8",
            "deletion_policy": "DELETE",
            "id": "projects/qwiklabs-gcp-04-6db254dd6d5c/instances/hero-db-instance/databases/hero_db",
            "instance": "hero-db-instance",
            "name": "hero_db",
            "project": "qwiklabs-gcp-04-6db254dd6d5c",
            "self_link": "https://sqladmin.googleapis.com/sql/v1beta4/projects/qwiklabs-gcp-04-6db254dd6d5c/instances/hero-db-instance/databases/hero_db",
            "timeouts": null
          },
          "sensitive_attributes": [],
          "private": "eyJlMmJmYjczMC1lY2FhLTExZTYtOGY4OC0zNDM2M2JjN2M0YzAiOnsiY3JlYXRlIjoxMjAwMDAwMDAwMDAwLCJkZWxldGUiOjEyMDAwMDAwMDAwMDAsInVwZGF0ZSI6MTIwMDAwMDAwMDAwMH19",
          "dependencies": [
            "google_sql_database_instance.main"
          ]
        }
      ]
    },
    {
      "mode": "managed",
      "type": "google_sql_database_instance",
      "name": "main",
      "provider": "provider[\"registry.terraform.io/hashicorp/google\"]",
      "instances": [
        {
          "schema_version": 0,
          "attributes": {
            "available_maintenance_versions": [],
            "clone": [],
            "connection_name": "qwiklabs-gcp-04-6db254dd6d5c:us-central1:hero-db-instance",
            "database_version": "POSTGRES_17",
            "deletion_protection": true,
            "dns_name": "",
            "dns_names": [],
            "encryption_key_name": null,
            "first_ip_address": "34.132.64.204",
            "id": "hero-db-instance",
            "instance_type": "CLOUD_SQL_INSTANCE",
            "ip_address": [
              {
                "ip_address": "34.132.64.204",
                "time_to_retire": "",
                "type": "PRIMARY"
              },
              {
                "ip_address": "34.27.231.206",
                "time_to_retire": "",
                "type": "OUTGOING"
              }
            ],
            "maintenance_version": "POSTGRES_17_6.R20250727.00_23",
            "master_instance_name": "",
            "name": "hero-db-instance",
            "node_count": 0,
            "private_ip_address": "",
            "project": "qwiklabs-gcp-04-6db254dd6d5c",
            "psc_service_attachment_link": "",
            "public_ip_address": "34.132.64.204",
            "region": "us-central1",
            "replica_configuration": [],
            "replica_names": [],
            "replication_cluster": [
              {
                "dr_replica": false,
                "failover_dr_replica_name": "",
                "psa_write_endpoint": ""
              }
            ],
            "restore_backup_context": [],
            "root_password": null,
            "self_link": "https://sqladmin.googleapis.com/sql/v1beta4/projects/qwiklabs-gcp-04-6db254dd6d5c/instances/hero-db-instance",
            "server_ca_cert": [
              {
                "cert": "-----BEGIN CERTIFICATE-----\nMIIDfzCCAmegAwIBAgIBADANBgkqhkiG9w0BAQsFADB3MS0wKwYDVQQuEyQ5MWRi\nMzYxZi00NjU2LTRlZDEtYmI4MS05MWZmYWE0NmI1ZjQxIzAhBgNVBAMTGkdvb2ds\nZSBDbG91ZCBTUUwgU2VydmVyIENBMRQwEgYDVQQKEwtHb29nbGUsIEluYzELMAkG\nA1UEBhMCVVMwHhcNMjUwOTE3MTEzNjU3WhcNMzUwOTE1MTEzNzU3WjB3MS0wKwYD\nVQQuEyQ5MWRiMzYxZi00NjU2LTRlZDEtYmI4MS05MWZmYWE0NmI1ZjQxIzAhBgNV\nBAMTGkdvb2dsZSBDbG91ZCBTUUwgU2VydmVyIENBMRQwEgYDVQQKEwtHb29nbGUs\nIEluYzELMAkGA1UEBhMCVVMwggEiMA0GCSqGSIb3DQEBAQUAA4IBDwAwggEKAoIB\nAQCznqVEY3KsWaCFnmUICsLvgsoC11YZBiqwom+0UzX7+YArcZO9v1BiXqDym3tN\nYvcx7Bms6gu8tAonHJaBdxU99awkwmJhA78uFpNYUMXygyuvv3aPrLc9NVuoSnjB\n9yuu8EoTuEexdlhp2XzclJakIDc7Hk7oRNvVfAXOcd4HUzLo2MKr3njzY9cumWmE\nxRb2Oc1ZrnMQlYfuDDkmikEDghu8aQdOBROTD7B7sUV/qPvIDOAOZC28MGWboT9D\nlCBmSRJx1oqBieDvd5xiqZ1soTbsr0zNRSp9SHYm3mkNU3+8nDnbjNyOZpd6kLZG\n3z2Uv+ILywWkm5SSCOe84hKbAgMBAAGjFjAUMBIGA1UdEwEB/wQIMAYBAf8CAQAw\nDQYJKoZIhvcNAQELBQADggEBAIDtYv/Zrz9fW2+E7HO+r+ItshW9VhBH/A80fdIl\nfiRHAsuCPPdRQ5X58Xiaqmueo3pcmJCS5GJ6XRm0rMvJJnRKj36pf8ueLRF9PKqu\nMtZ3x+AOFKJ2Swq/KGf9588JxoYzjCbYHmhfVLONoUvDSkQK6qD5VKoa2nKOZrD+\nMT7vHqeUw46rDyAtNRFJzlppvdPfXML8CJG9TT11/E5cfdXSk0sOlTIBUTus8wuf\nU4m8nAepv/H5kDFYjqK92uqP2XJXJddE+h5LoUGh4ym+X1a41eyc0Yf3SRg1iLiT\nA0Zp4dz+l9QnvPhQ7Kxg05VTX8JFT5gP1U9PcZbmc+Qljtg=\n-----END CERTIFICATE-----",
                "common_name": "C=US,O=Google\\, Inc,CN=Google Cloud SQL Server CA,dnQualifier=91db361f-4656-4ed1-bb81-91ffaa46b5f4",
                "create_time": "2025-09-17T11:36:57.018Z",
                "expiration_time": "2035-09-15T11:37:57.018Z",
                "sha1_fingerprint": "8043d61c2fc156927772e6602685b4ecdae45913"
              }
            ],
            "service_account_email_address": "p947782432904-j5oydg@gcp-sa-cloud-sql.iam.gserviceaccount.com",
            "settings": [
              {
                "activation_policy": "ALWAYS",
                "active_directory_config": [],
                "advanced_machine_features": [],
                "availability_type": "ZONAL",
                "backup_configuration": [
                  {
                    "backup_retention_settings": [
                      {
                        "retained_backups": 7,
                        "retention_unit": "COUNT"
                      }
                    ],
                    "binary_log_enabled": false,
                    "enabled": false,
                    "location": "",
                    "point_in_time_recovery_enabled": false,
                    "start_time": "14:00",
                    "transaction_log_retention_days": 7
                  }
                ],
                "collation": "",
                "connection_pool_config": [],
                "connector_enforcement": "NOT_REQUIRED",
                "data_cache_config": [
                  {
                    "data_cache_enabled": false
                  }
                ],
                "database_flags": [],
                "deletion_protection_enabled": false,
                "deny_maintenance_period": [],
                "disk_autoresize": true,
                "disk_autoresize_limit": 0,
                "disk_size": 10,
                "disk_type": "PD_SSD",
                "edition": "ENTERPRISE",
                "effective_availability_type": "ZONAL",
                "enable_dataplex_integration": false,
                "enable_google_ml_integration": false,
                "insights_config": [],
                "ip_configuration": [
                  {
                    "allocated_ip_range": "",
                    "authorized_networks": [
                      {
                        "expiration_time": "",
                        "name": "all",
                        "value": "0.0.0.0/0"
                      }
                    ],
                    "custom_subject_alternative_names": [],
                    "enable_private_path_for_google_cloud_services": false,
                    "ipv4_enabled": true,
                    "private_network": "",
                    "psc_config": [],
                    "server_ca_mode": "GOOGLE_MANAGED_INTERNAL_CA",
                    "server_ca_pool": "",
                    "ssl_mode": "ALLOW_UNENCRYPTED_AND_ENCRYPTED"
                  }
                ],
                "location_preference": [
                  {
                    "follow_gae_application": "",
                    "secondary_zone": "",
                    "zone": "us-central1-f"
                  }
                ],
                "maintenance_window": [],
                "password_validation_policy": [],
                "pricing_plan": "PER_USE",
                "retain_backups_on_delete": false,
                "sql_server_audit_config": [],
                "tier": "db-f1-micro",
                "time_zone": "",
                "user_labels": {},
                "version": 6
              }
            ],
            "timeouts": null
          },
          "sensitive_attributes": [
            [
              {
                "type": "get_attr",
                "value": "root_password"
              }
            ],
            [
              {
                "type": "get_attr",
                "value": "server_ca_cert"
              }
            ]
          ],
          "private": "eyJlMmJmYjczMC1lY2FhLTExZTYtOGY4OC0zNDM2M2JjN2M0YzAiOnsiY3JlYXRlIjo1NDAwMDAwMDAwMDAwLCJkZWxldGUiOjU0MDAwMDAwMDAwMDAsInVwZGF0ZSI6NTQwMDAwMDAwMDAwMH19"
        }
      ]
    },
    {
      "mode": "managed",
      "type": "google_sql_user",
      "name": "hero_user",
      "provider": "provider[\"registry.terraform.io/hashicorp/google\"]",
      "instances": [
        {
          "schema_version": 1,
          "attributes": {
            "deletion_policy": null,
            "host": "",
            "id": "hero_db//hero-db-instance",
            "instance": "hero-db-instance",
            "name": "hero_db",
            "password": "DoBAA[m_D91G0Pd2",
            "password_policy": [],
            "password_wo": null,
            "password_wo_version": null,
            "project": "qwiklabs-gcp-04-6db254dd6d5c",
            "sql_server_user_details": [],
            "timeouts": null,
            "type": ""
          },
          "sensitive_attributes": [
            [
              {
                "type": "get_attr",
                "value": "name"
              }
            ],
            [
              {
                "type": "get_attr",
                "value": "password"
              }
            ]
          ],
          "private": "eyJlMmJmYjczMC1lY2FhLTExZTYtOGY4OC0zNDM2M2JjN2M0YzAiOnsiY3JlYXRlIjo2MDAwMDAwMDAwMDAsImRlbGV0ZSI6NjAwMDAwMDAwMDAwLCJ1cGRhdGUiOjYwMDAwMDAwMDAwMH0sInNjaGVtYV92ZXJzaW9uIjoiMSJ9",
          "dependencies": [
            "google_secret_manager_secret.cloudsql_password",
            "google_secret_manager_secret.cloudsql_user",
            "google_secret_manager_secret_version.cloudsql_password",
            "google_secret_manager_secret_version.cloudsql_user",
            "google_sql_database_instance.main",
            "random_password.cloudsql_password"
          ]
        }
      ]
    },
    {
      "mode": "managed",
      "type": "google_storage_bucket",
      "name": "logs_data_bucket",
      "provider": "provider[\"registry.terraform.io/hashicorp/google\"]",
      "instances": [
        {
          "schema_version": 3,
          "attributes": {
            "autoclass": [],
            "cors": [],
            "custom_placement_config": [],
            "default_event_based_hold": false,
            "effective_labels": {
              "goog-terraform-provisioned": "true"
            },
            "enable_object_retention": false,
            "encryption": [],
            "force_destroy": false,
            "hierarchical_namespace": [
              {
                "enabled": false
              }
            ],
            "id": "qwiklabs-gcp-04-6db254dd6d5c-hero-logs-data",
            "ip_filter": [],
            "labels": {},
            "lifecycle_rule": [],
            "location": "US-CENTRAL1",
            "logging": [],
            "name": "qwiklabs-gcp-04-6db254dd6d5c-hero-logs-data",
            "project": "qwiklabs-gcp-04-6db254dd6d5c",
            "project_number": 947782432904,
            "public_access_prevention": "inherited",
            "requester_pays": false,
            "retention_policy": [],
            "rpo": null,
            "self_link": "https://www.googleapis.com/storage/v1/b/qwiklabs-gcp-04-6db254dd6d5c-hero-logs-data",
            "soft_delete_policy": [
              {
                "effective_time": "2025-09-17T11:09:43.476Z",
                "retention_duration_seconds": 604800
              }
            ],
            "storage_class": "STANDARD",
            "terraform_labels": {
              "goog-terraform-provisioned": "true"
            },
            "time_created": "2025-09-17T11:09:43.476Z",
            "timeouts": null,
            "uniform_bucket_level_access": true,
            "updated": "2025-09-17T11:09:43.476Z",
            "url": "gs://qwiklabs-gcp-04-6db254dd6d5c-hero-logs-data",
            "versioning": [],
            "website": []
          },
          "sensitive_attributes": [],
          "private": "eyJlMmJmYjczMC1lY2FhLTExZTYtOGY4OC0zNDM2M2JjN2M0YzAiOnsiY3JlYXRlIjo2MDAwMDAwMDAwMDAsInJlYWQiOjI0MDAwMDAwMDAwMCwidXBkYXRlIjoyNDAwMDAwMDAwMDB9LCJzY2hlbWFfdmVyc2lvbiI6IjMifQ==",
          "dependencies": [
            "google_project_service.services"
          ]
        }
      ]
    },
    {
      "mode": "managed",
      "type": "random_password",
      "name": "cloudsql_password",
      "provider": "provider[\"registry.terraform.io/hashicorp/random\"]",
      "instances": [
        {
          "schema_version": 3,
          "attributes": {
            "bcrypt_hash": "$2a$10$AGsNgWxnHOGWAFCMLk8mguWHOCTiV/XkQh/8iXDzTJOO3jKO/x9VG",
            "id": "none",
            "keepers": null,
            "length": 16,
            "lower": true,
            "min_lower": 0,
            "min_numeric": 0,
            "min_special": 0,
            "min_upper": 0,
            "number": true,
            "numeric": true,
            "override_special": null,
            "result": "DoBAA[m_D91G0Pd2",
            "special": true,
            "upper": true
          },
          "sensitive_attributes": [
            [
              {
                "type": "get_attr",
                "value": "bcrypt_hash"
              }
            ],
            [
              {
                "type": "get_attr",
                "value": "result"
              }
            ]
          ]
        }
      ]
    },
    {
      "mode": "managed",
      "type": "random_password",
      "name": "db_password",
      "provider": "provider[\"registry.terraform.io/hashicorp/random\"]",
      "instances": [
        {
          "schema_version": 3,
          "attributes": {
            "bcrypt_hash": "$2a$10$P5q0S19SvLSkgjSLtDwb9./3Wk988SGu7KnrqZc8/XPx30tgNpJ2y",
            "id": "none",
            "keepers": null,
            "length": 16,
            "lower": true,
            "min_lower": 0,
            "min_numeric": 0,
            "min_special": 0,
            "min_upper": 0,
            "number": true,
            "numeric": true,
            "override_special": "!#$%\u0026*()-_=+[]{}\u003c\u003e:?",
            "result": "SB#9wK)F6jfuYe_\u003e",
            "special": true,
            "upper": true
          },
          "sensitive_attributes": [
            [
              {
                "type": "get_attr",
                "value": "bcrypt_hash"
              }
            ],
            [
              {
                "type": "get_attr",
                "value": "result"
              }
            ]
          ]
        }
      ]
    },
    {
      "module": "module.feedback_export_to_bigquery",
      "mode": "managed",
      "type": "google_logging_project_sink",
      "name": "sink",
      "provider": "provider[\"registry.terraform.io/hashicorp/google\"]",
      "instances": [
        {
          "index_key": 0,
          "schema_version": 0,
          "attributes": {
            "bigquery_options": [
              {
                "use_partitioned_tables": true
              }
            ],
            "custom_writer_identity": null,
            "description": "",
            "destination": "bigquery.googleapis.com/projects/qwiklabs-gcp-04-6db254dd6d5c/datasets/hero_feedback",
            "disabled": false,
            "exclusions": [],
            "filter": "jsonPayload.log_type=\"feedback\" jsonPayload.service_name=\"hero\"",
            "id": "projects/qwiklabs-gcp-04-6db254dd6d5c/sinks/hero_feedback",
            "name": "hero_feedback",
            "project": "qwiklabs-gcp-04-6db254dd6d5c",
            "unique_writer_identity": true,
            "writer_identity": "serviceAccount:service-947782432904@gcp-sa-logging.iam.gserviceaccount.com"
          },
          "sensitive_attributes": [],
          "private": "bnVsbA==",
          "dependencies": [
            "google_bigquery_dataset.feedback_dataset",
            "google_project_service.services"
          ]
        }
      ]
    },
    {
      "module": "module.log_export_to_bigquery",
      "mode": "managed",
      "type": "google_logging_project_sink",
      "name": "sink",
      "provider": "provider[\"registry.terraform.io/hashicorp/google\"]",
      "instances": [
        {
          "index_key": 0,
          "schema_version": 0,
          "attributes": {
            "bigquery_options": [
              {
                "use_partitioned_tables": true
              }
            ],
            "custom_writer_identity": null,
            "description": "",
            "destination": "bigquery.googleapis.com/projects/qwiklabs-gcp-04-6db254dd6d5c/datasets/hero_telemetry",
            "disabled": false,
            "exclusions": [],
            "filter": "labels.service_name=\"hero\" labels.type=\"agent_telemetry\"",
            "id": "projects/qwiklabs-gcp-04-6db254dd6d5c/sinks/hero_telemetry",
            "name": "hero_telemetry",
            "project": "qwiklabs-gcp-04-6db254dd6d5c",
            "unique_writer_identity": true,
            "writer_identity": "serviceAccount:service-947782432904@gcp-sa-logging.iam.gserviceaccount.com"
          },
          "sensitive_attributes": [],
          "private": "bnVsbA==",
          "dependencies": [
            "google_bigquery_dataset.telemetry_logs_dataset",
            "google_project_service.services"
          ]
        }
      ]
    }
  ],
  "check_results": null
}
